
Microsoft Visual Studio Solution File, Format Version 12.00
# Visual Studio Version 17
VisualStudioVersion = 17.11.35219.272
MinimumVisualStudioVersion = 10.0.40219.1
Project("{FAE04EC0-301F-11D3-BF4B-00C04F79EFBC}") = "Entities", "Entities\Entities.csproj", "{DE60D173-F924-4A3E-A488-0D2DD14CF1A6}"
EndProject
Project("{2150E333-8FDC-42A3-9474-1A3956D46DE8}") = "Solution Items", "Solution Items", "{8EC462FD-D22E-90A8-E5CE-7E832BA40C5D}"
	ProjectSection(SolutionItems) = preProject
		LICENSE.txt = LICENSE.txt
	EndProjectSection
EndProject
Project("{FAE04EC0-301F-11D3-BF4B-00C04F79EFBC}") = "App.Api", "App.Api\App.Api.csproj", "{D6151A9E-413A-46FD-887A-80F52ACBF958}"
EndProject
Global
	GlobalSection(SolutionConfigurationPlatforms) = preSolution
		Debug|Any CPU = Debug|Any CPU
		Release|Any CPU = Release|Any CPU
	EndGlobalSection
	GlobalSection(ProjectConfigurationPlatforms) = postSolution
		{DE60D173-F924-4A3E-A488-0D2DD14CF1A6}.Debug|Any CPU.ActiveCfg = Debug|Any CPU
		{DE60D173-F924-4A3E-A488-0D2DD14CF1A6}.Debug|Any CPU.Build.0 = Debug|Any CPU
		{DE60D173-F924-4A3E-A488-0D2DD14CF1A6}.Release|Any CPU.ActiveCfg = Release|Any CPU
		{DE60D173-F924-4A3E-A488-0D2DD14CF1A6}.Release|Any CPU.Build.0 = Release|Any CPU
		{D6151A9E-413A-46FD-887A-80F52ACBF958}.Debug|Any CPU.ActiveCfg = Debug|Any CPU
		{D6151A9E-413A-46FD-887A-80F52ACBF958}.Debug|Any CPU.Build.0 = Debug|Any CPU
		{D6151A9E-413A-46FD-887A-80F52ACBF958}.Release|Any CPU.ActiveCfg = Release|Any CPU
		{D6151A9E-413A-46FD-887A-80F52ACBF958}.Release|Any CPU.Build.0 = Release|Any CPU
	EndGlobalSection
	GlobalSection(SolutionProperties) = preSolution
		HideSolutionNode = FALSE
	EndGlobalSection
	GlobalSection(ExtensibilityGlobals) = postSolution
		SolutionGuid = {B0EC2CFA-637C-44DA-9C44-49985B58C760}
	EndGlobalSection
EndGlobal
